// !$*UTF8*$!
{
	archiveVersion = 1;
	classes = {
	};
	objectVersion = 46;
	objects = {

/* Begin PBXBuildFile section */
		8D9049001BD4B75A008BCE4D /* Accelerate.framework in Frameworks */ = {isa = PBXBuildFile; fileRef = 8D9048FF1BD4B75A008BCE4D /* Accelerate.framework */; };
		8D90490C1BD4C073008BCE4D /* TopViewController.m in Sources */ = {isa = PBXBuildFile; fileRef = 8D90490B1BD4C073008BCE4D /* TopViewController.m */; settings = {ASSET_TAGS = (); }; };
		8D90490F1BD4C14A008BCE4D /* RecordViewController.m in Sources */ = {isa = PBXBuildFile; fileRef = 8D90490E1BD4C14A008BCE4D /* RecordViewController.m */; settings = {ASSET_TAGS = (); }; };
		8D9049111BD4C206008BCE4D /* AudioToolbox.framework in Frameworks */ = {isa = PBXBuildFile; fileRef = 8D9049101BD4C206008BCE4D /* AudioToolbox.framework */; };
		8D9049151BD4C474008BCE4D /* PlayViewController.m in Sources */ = {isa = PBXBuildFile; fileRef = 8D9049141BD4C474008BCE4D /* PlayViewController.m */; settings = {ASSET_TAGS = (); }; };
		8D9049181BD4C488008BCE4D /* AnalyzeViewController.m in Sources */ = {isa = PBXBuildFile; fileRef = 8D9049171BD4C488008BCE4D /* AnalyzeViewController.m */; settings = {ASSET_TAGS = (); }; };
		C4D6DC171BCF74740098C3A3 /* main.m in Sources */ = {isa = PBXBuildFile; fileRef = C4D6DC161BCF74740098C3A3 /* main.m */; };
		C4D6DC1A1BCF74740098C3A3 /* AppDelegate.m in Sources */ = {isa = PBXBuildFile; fileRef = C4D6DC191BCF74740098C3A3 /* AppDelegate.m */; };
		C4D6DC201BCF74750098C3A3 /* Main.storyboard in Resources */ = {isa = PBXBuildFile; fileRef = C4D6DC1E1BCF74750098C3A3 /* Main.storyboard */; };
		C4D6DC221BCF74750098C3A3 /* Assets.xcassets in Resources */ = {isa = PBXBuildFile; fileRef = C4D6DC211BCF74750098C3A3 /* Assets.xcassets */; };
		C4D6DC251BCF74750098C3A3 /* LaunchScreen.storyboard in Resources */ = {isa = PBXBuildFile; fileRef = C4D6DC231BCF74750098C3A3 /* LaunchScreen.storyboard */; };
		C4D6DC301BCF74750098C3A3 /* acoustic_communication_appTests.m in Sources */ = {isa = PBXBuildFile; fileRef = C4D6DC2F1BCF74750098C3A3 /* acoustic_communication_appTests.m */; };
		C4D6DC3B1BCF74750098C3A3 /* acoustic_communication_appUITests.m in Sources */ = {isa = PBXBuildFile; fileRef = C4D6DC3A1BCF74750098C3A3 /* acoustic_communication_appUITests.m */; };
/* End PBXBuildFile section */

/* Begin PBXContainerItemProxy section */
		C4D6DC2C1BCF74750098C3A3 /* PBXContainerItemProxy */ = {
			isa = PBXContainerItemProxy;
			containerPortal = C4D6DC0A1BCF74740098C3A3 /* Project object */;
			proxyType = 1;
			remoteGlobalIDString = C4D6DC111BCF74740098C3A3;
			remoteInfo = acoustic_communication_app;
		};
		C4D6DC371BCF74750098C3A3 /* PBXContainerItemProxy */ = {
			isa = PBXContainerItemProxy;
			containerPortal = C4D6DC0A1BCF74740098C3A3 /* Project object */;
			proxyType = 1;
			remoteGlobalIDString = C4D6DC111BCF74740098C3A3;
			remoteInfo = acoustic_communication_app;
		};
/* End PBXContainerItemProxy section */

/* Begin PBXFileReference section */
		8D9048FF1BD4B75A008BCE4D /* Accelerate.framework */ = {isa = PBXFileReference; lastKnownFileType = wrapper.framework; name = Accelerate.framework; path = System/Library/Frameworks/Accelerate.framework; sourceTree = SDKROOT; };
		8D90490A1BD4C073008BCE4D /* TopViewController.h */ = {isa = PBXFileReference; fileEncoding = 4; lastKnownFileType = sourcecode.c.h; name = TopViewController.h; path = Controllers/TopViewController.h; sourceTree = "<group>"; };
		8D90490B1BD4C073008BCE4D /* TopViewController.m */ = {isa = PBXFileReference; fileEncoding = 4; lastKnownFileType = sourcecode.c.objc; name = TopViewController.m; path = Controllers/TopViewController.m; sourceTree = "<group>"; };
		8D90490D1BD4C14A008BCE4D /* RecordViewController.h */ = {isa = PBXFileReference; fileEncoding = 4; lastKnownFileType = sourcecode.c.h; name = RecordViewController.h; path = Controllers/RecordViewController.h; sourceTree = "<group>"; };
		8D90490E1BD4C14A008BCE4D /* RecordViewController.m */ = {isa = PBXFileReference; fileEncoding = 4; lastKnownFileType = sourcecode.c.objc; name = RecordViewController.m; path = Controllers/RecordViewController.m; sourceTree = "<group>"; };
		8D9049101BD4C206008BCE4D /* AudioToolbox.framework */ = {isa = PBXFileReference; lastKnownFileType = wrapper.framework; name = AudioToolbox.framework; path = System/Library/Frameworks/AudioToolbox.framework; sourceTree = SDKROOT; };
		8D9049131BD4C474008BCE4D /* PlayViewController.h */ = {isa = PBXFileReference; fileEncoding = 4; lastKnownFileType = sourcecode.c.h; name = PlayViewController.h; path = Controllers/PlayViewController.h; sourceTree = "<group>"; };
		8D9049141BD4C474008BCE4D /* PlayViewController.m */ = {isa = PBXFileReference; fileEncoding = 4; lastKnownFileType = sourcecode.c.objc; name = PlayViewController.m; path = Controllers/PlayViewController.m; sourceTree = "<group>"; };
		8D9049161BD4C488008BCE4D /* AnalyzeViewController.h */ = {isa = PBXFileReference; fileEncoding = 4; lastKnownFileType = sourcecode.c.h; name = AnalyzeViewController.h; path = Controllers/AnalyzeViewController.h; sourceTree = "<group>"; };
		8D9049171BD4C488008BCE4D /* AnalyzeViewController.m */ = {isa = PBXFileReference; fileEncoding = 4; lastKnownFileType = sourcecode.c.objc; name = AnalyzeViewController.m; path = Controllers/AnalyzeViewController.m; sourceTree = "<group>"; };
		C4D6DC121BCF74740098C3A3 /* acoustic_communication_app.app */ = {isa = PBXFileReference; explicitFileType = wrapper.application; includeInIndex = 0; path = acoustic_communication_app.app; sourceTree = BUILT_PRODUCTS_DIR; };
		C4D6DC161BCF74740098C3A3 /* main.m */ = {isa = PBXFileReference; lastKnownFileType = sourcecode.c.objc; path = main.m; sourceTree = "<group>"; };
		C4D6DC181BCF74740098C3A3 /* AppDelegate.h */ = {isa = PBXFileReference; lastKnownFileType = sourcecode.c.h; path = AppDelegate.h; sourceTree = "<group>"; };
		C4D6DC191BCF74740098C3A3 /* AppDelegate.m */ = {isa = PBXFileReference; lastKnownFileType = sourcecode.c.objc; path = AppDelegate.m; sourceTree = "<group>"; };
		C4D6DC1F1BCF74750098C3A3 /* Base */ = {isa = PBXFileReference; lastKnownFileType = file.storyboard; name = Base; path = Base.lproj/Main.storyboard; sourceTree = "<group>"; };
		C4D6DC211BCF74750098C3A3 /* Assets.xcassets */ = {isa = PBXFileReference; lastKnownFileType = folder.assetcatalog; path = Assets.xcassets; sourceTree = "<group>"; };
		C4D6DC241BCF74750098C3A3 /* Base */ = {isa = PBXFileReference; lastKnownFileType = file.storyboard; name = Base; path = Base.lproj/LaunchScreen.storyboard; sourceTree = "<group>"; };
		C4D6DC261BCF74750098C3A3 /* Info.plist */ = {isa = PBXFileReference; lastKnownFileType = text.plist.xml; path = Info.plist; sourceTree = "<group>"; };
		C4D6DC2B1BCF74750098C3A3 /* acoustic_communication_appTests.xctest */ = {isa = PBXFileReference; explicitFileType = wrapper.cfbundle; includeInIndex = 0; path = acoustic_communication_appTests.xctest; sourceTree = BUILT_PRODUCTS_DIR; };
		C4D6DC2F1BCF74750098C3A3 /* acoustic_communication_appTests.m */ = {isa = PBXFileReference; lastKnownFileType = sourcecode.c.objc; path = acoustic_communication_appTests.m; sourceTree = "<group>"; };
		C4D6DC311BCF74750098C3A3 /* Info.plist */ = {isa = PBXFileReference; lastKnownFileType = text.plist.xml; path = Info.plist; sourceTree = "<group>"; };
		C4D6DC361BCF74750098C3A3 /* acoustic_communication_appUITests.xctest */ = {isa = PBXFileReference; explicitFileType = wrapper.cfbundle; includeInIndex = 0; path = acoustic_communication_appUITests.xctest; sourceTree = BUILT_PRODUCTS_DIR; };
		C4D6DC3A1BCF74750098C3A3 /* acoustic_communication_appUITests.m */ = {isa = PBXFileReference; lastKnownFileType = sourcecode.c.objc; path = acoustic_communication_appUITests.m; sourceTree = "<group>"; };
		C4D6DC3C1BCF74750098C3A3 /* Info.plist */ = {isa = PBXFileReference; lastKnownFileType = text.plist.xml; path = Info.plist; sourceTree = "<group>"; };
/* End PBXFileReference section */

/* Begin PBXFrameworksBuildPhase section */
		C4D6DC0F1BCF74740098C3A3 /* Frameworks */ = {
			isa = PBXFrameworksBuildPhase;
			buildActionMask = 2147483647;
			files = (
				8D9049111BD4C206008BCE4D /* AudioToolbox.framework in Frameworks */,
				8D9049001BD4B75A008BCE4D /* Accelerate.framework in Frameworks */,
			);
			runOnlyForDeploymentPostprocessing = 0;
		};
		C4D6DC281BCF74750098C3A3 /* Frameworks */ = {
			isa = PBXFrameworksBuildPhase;
			buildActionMask = 2147483647;
			files = (
			);
			runOnlyForDeploymentPostprocessing = 0;
		};
		C4D6DC331BCF74750098C3A3 /* Frameworks */ = {
			isa = PBXFrameworksBuildPhase;
			buildActionMask = 2147483647;
			files = (
			);
			runOnlyForDeploymentPostprocessing = 0;
		};
/* End PBXFrameworksBuildPhase section */

/* Begin PBXGroup section */
		8D9049011BD4BC17008BCE4D /* Controllers */ = {
			isa = PBXGroup;
			children = (
				8D90490A1BD4C073008BCE4D /* TopViewController.h */,
				8D90490B1BD4C073008BCE4D /* TopViewController.m */,
				8D90490D1BD4C14A008BCE4D /* RecordViewController.h */,
				8D90490E1BD4C14A008BCE4D /* RecordViewController.m */,
				8D9049131BD4C474008BCE4D /* PlayViewController.h */,
				8D9049141BD4C474008BCE4D /* PlayViewController.m */,
				8D9049161BD4C488008BCE4D /* AnalyzeViewController.h */,
				8D9049171BD4C488008BCE4D /* AnalyzeViewController.m */,
			);
			name = Controllers;
			sourceTree = "<group>";
		};
		8D9049021BD4BCD6008BCE4D /* Views */ = {
			isa = PBXGroup;
			children = (
				C4D6DC1E1BCF74750098C3A3 /* Main.storyboard */,
				C4D6DC231BCF74750098C3A3 /* LaunchScreen.storyboard */,
			);
			name = Views;
			sourceTree = "<group>";
		};
		8D9049031BD4BD3C008BCE4D /* Containers */ = {
			isa = PBXGroup;
			children = (
			);
			name = Containers;
			sourceTree = "<group>";
		};
		8D9049121BD4C21E008BCE4D /* FlameWorks */ = {
			isa = PBXGroup;
			children = (
				8D9049101BD4C206008BCE4D /* AudioToolbox.framework */,
				8D9048FF1BD4B75A008BCE4D /* Accelerate.framework */,
			);
			name = FlameWorks;
			sourceTree = "<group>";
		};
		C4D6DC091BCF74740098C3A3 = {
			isa = PBXGroup;
			children = (
				8D9049121BD4C21E008BCE4D /* FlameWorks */,
				C4D6DC141BCF74740098C3A3 /* acoustic_communication_app */,
				C4D6DC2E1BCF74750098C3A3 /* acoustic_communication_appTests */,
				C4D6DC391BCF74750098C3A3 /* acoustic_communication_appUITests */,
				C4D6DC131BCF74740098C3A3 /* Products */,
			);
			sourceTree = "<group>";
		};
		C4D6DC131BCF74740098C3A3 /* Products */ = {
			isa = PBXGroup;
			children = (
				C4D6DC121BCF74740098C3A3 /* acoustic_communication_app.app */,
				C4D6DC2B1BCF74750098C3A3 /* acoustic_communication_appTests.xctest */,
				C4D6DC361BCF74750098C3A3 /* acoustic_communication_appUITests.xctest */,
			);
			name = Products;
			sourceTree = "<group>";
		};
		C4D6DC141BCF74740098C3A3 /* acoustic_communication_app */ = {
			isa = PBXGroup;
			children = (
				8D9049031BD4BD3C008BCE4D /* Containers */,
				8D9049021BD4BCD6008BCE4D /* Views */,
				8D9049011BD4BC17008BCE4D /* Controllers */,
				C4D6DC181BCF74740098C3A3 /* AppDelegate.h */,
				C4D6DC191BCF74740098C3A3 /* AppDelegate.m */,
				C4D6DC211BCF74750098C3A3 /* Assets.xcassets */,
				C4D6DC151BCF74740098C3A3 /* Supporting Files */,
			);
			path = acoustic_communication_app;
			sourceTree = "<group>";
		};
		C4D6DC151BCF74740098C3A3 /* Supporting Files */ = {
			isa = PBXGroup;
			children = (
				C4D6DC261BCF74750098C3A3 /* Info.plist */,
				C4D6DC161BCF74740098C3A3 /* main.m */,
			);
			name = "Supporting Files";
			sourceTree = "<group>";
		};
		C4D6DC2E1BCF74750098C3A3 /* acoustic_communication_appTests */ = {
			isa = PBXGroup;
			children = (
				C4D6DC2F1BCF74750098C3A3 /* acoustic_communication_appTests.m */,
				C4D6DC311BCF74750098C3A3 /* Info.plist */,
			);
			path = acoustic_communication_appTests;
			sourceTree = "<group>";
		};
		C4D6DC391BCF74750098C3A3 /* acoustic_communication_appUITests */ = {
			isa = PBXGroup;
			children = (
				C4D6DC3A1BCF74750098C3A3 /* acoustic_communication_appUITests.m */,
				C4D6DC3C1BCF74750098C3A3 /* Info.plist */,
			);
			path = acoustic_communication_appUITests;
			sourceTree = "<group>";
		};
/* End PBXGroup section */

/* Begin PBXNativeTarget section */
		C4D6DC111BCF74740098C3A3 /* acoustic_communication_app */ = {
			isa = PBXNativeTarget;
			buildConfigurationList = C4D6DC3F1BCF74750098C3A3 /* Build configuration list for PBXNativeTarget "acoustic_communication_app" */;
			buildPhases = (
				C4D6DC0E1BCF74740098C3A3 /* Sources */,
				C4D6DC0F1BCF74740098C3A3 /* Frameworks */,
				C4D6DC101BCF74740098C3A3 /* Resources */,
			);
			buildRules = (
			);
			dependencies = (
			);
			name = acoustic_communication_app;
			productName = acoustic_communication_app;
			productReference = C4D6DC121BCF74740098C3A3 /* acoustic_communication_app.app */;
			productType = "com.apple.product-type.application";
		};
		C4D6DC2A1BCF74750098C3A3 /* acoustic_communication_appTests */ = {
			isa = PBXNativeTarget;
			buildConfigurationList = C4D6DC421BCF74750098C3A3 /* Build configuration list for PBXNativeTarget "acoustic_communication_appTests" */;
			buildPhases = (
				C4D6DC271BCF74750098C3A3 /* Sources */,
				C4D6DC281BCF74750098C3A3 /* Frameworks */,
				C4D6DC291BCF74750098C3A3 /* Resources */,
			);
			buildRules = (
			);
			dependencies = (
				C4D6DC2D1BCF74750098C3A3 /* PBXTargetDependency */,
			);
			name = acoustic_communication_appTests;
			productName = acoustic_communication_appTests;
			productReference = C4D6DC2B1BCF74750098C3A3 /* acoustic_communication_appTests.xctest */;
			productType = "com.apple.product-type.bundle.unit-test";
		};
		C4D6DC351BCF74750098C3A3 /* acoustic_communication_appUITests */ = {
			isa = PBXNativeTarget;
			buildConfigurationList = C4D6DC451BCF74750098C3A3 /* Build configuration list for PBXNativeTarget "acoustic_communication_appUITests" */;
			buildPhases = (
				C4D6DC321BCF74750098C3A3 /* Sources */,
				C4D6DC331BCF74750098C3A3 /* Frameworks */,
				C4D6DC341BCF74750098C3A3 /* Resources */,
			);
			buildRules = (
			);
			dependencies = (
				C4D6DC381BCF74750098C3A3 /* PBXTargetDependency */,
			);
			name = acoustic_communication_appUITests;
			productName = acoustic_communication_appUITests;
			productReference = C4D6DC361BCF74750098C3A3 /* acoustic_communication_appUITests.xctest */;
			productType = "com.apple.product-type.bundle.ui-testing";
		};
/* End PBXNativeTarget section */

/* Begin PBXProject section */
		C4D6DC0A1BCF74740098C3A3 /* Project object */ = {
			isa = PBXProject;
			attributes = {
				LastUpgradeCheck = 0700;
				ORGANIZATIONNAME = "佐藤惟知";
				TargetAttributes = {
					C4D6DC111BCF74740098C3A3 = {
						CreatedOnToolsVersion = 7.0.1;
					};
					C4D6DC2A1BCF74750098C3A3 = {
						CreatedOnToolsVersion = 7.0.1;
						TestTargetID = C4D6DC111BCF74740098C3A3;
					};
					C4D6DC351BCF74750098C3A3 = {
						CreatedOnToolsVersion = 7.0.1;
						TestTargetID = C4D6DC111BCF74740098C3A3;
					};
				};
			};
			buildConfigurationList = C4D6DC0D1BCF74740098C3A3 /* Build configuration list for PBXProject "acoustic_communication_app" */;
			compatibilityVersion = "Xcode 3.2";
			developmentRegion = English;
			hasScannedForEncodings = 0;
			knownRegions = (
				en,
				Base,
			);
			mainGroup = C4D6DC091BCF74740098C3A3;
			productRefGroup = C4D6DC131BCF74740098C3A3 /* Products */;
			projectDirPath = "";
			projectRoot = "";
			targets = (
				C4D6DC111BCF74740098C3A3 /* acoustic_communication_app */,
				C4D6DC2A1BCF74750098C3A3 /* acoustic_communication_appTests */,
				C4D6DC351BCF74750098C3A3 /* acoustic_communication_appUITests */,
			);
		};
/* End PBXProject section */

/* Begin PBXResourcesBuildPhase section */
		C4D6DC101BCF74740098C3A3 /* Resources */ = {
			isa = PBXResourcesBuildPhase;
			buildActionMask = 2147483647;
			files = (
				C4D6DC251BCF74750098C3A3 /* LaunchScreen.storyboard in Resources */,
				C4D6DC221BCF74750098C3A3 /* Assets.xcassets in Resources */,
				C4D6DC201BCF74750098C3A3 /* Main.storyboard in Resources */,
			);
			runOnlyForDeploymentPostprocessing = 0;
		};
		C4D6DC291BCF74750098C3A3 /* Resources */ = {
			isa = PBXResourcesBuildPhase;
			buildActionMask = 2147483647;
			files = (
			);
			runOnlyForDeploymentPostprocessing = 0;
		};
		C4D6DC341BCF74750098C3A3 /* Resources */ = {
			isa = PBXResourcesBuildPhase;
			buildActionMask = 2147483647;
			files = (
			);
			runOnlyForDeploymentPostprocessing = 0;
		};
/* End PBXResourcesBuildPhase section */

/* Begin PBXSourcesBuildPhase section */
		C4D6DC0E1BCF74740098C3A3 /* Sources */ = {
			isa = PBXSourcesBuildPhase;
			buildActionMask = 2147483647;
			files = (
				8D90490C1BD4C073008BCE4D /* TopViewController.m in Sources */,
				8D9049181BD4C488008BCE4D /* AnalyzeViewController.m in Sources */,
				C4D6DC1A1BCF74740098C3A3 /* AppDelegate.m in Sources */,
				C4D6DC171BCF74740098C3A3 /* main.m in Sources */,
				8D9049151BD4C474008BCE4D /* PlayViewController.m in Sources */,
				8D90490F1BD4C14A008BCE4D /* RecordViewController.m in Sources */,
			);
			runOnlyForDeploymentPostprocessing = 0;
		};
		C4D6DC271BCF74750098C3A3 /* Sources */ = {
			isa = PBXSourcesBuildPhase;
			buildActionMask = 2147483647;
			files = (
				C4D6DC301BCF74750098C3A3 /* acoustic_communication_appTests.m in Sources */,
			);
			runOnlyForDeploymentPostprocessing = 0;
		};
		C4D6DC321BCF74750098C3A3 /* Sources */ = {
			isa = PBXSourcesBuildPhase;
			buildActionMask = 2147483647;
			files = (
				C4D6DC3B1BCF74750098C3A3 /* acoustic_communication_appUITests.m in Sources */,
			);
			runOnlyForDeploymentPostprocessing = 0;
		};
/* End PBXSourcesBuildPhase section */

/* Begin PBXTargetDependency section */
		C4D6DC2D1BCF74750098C3A3 /* PBXTargetDependency */ = {
			isa = PBXTargetDependency;
			target = C4D6DC111BCF74740098C3A3 /* acoustic_communication_app */;
			targetProxy = C4D6DC2C1BCF74750098C3A3 /* PBXContainerItemProxy */;
		};
		C4D6DC381BCF74750098C3A3 /* PBXTargetDependency */ = {
			isa = PBXTargetDependency;
			target = C4D6DC111BCF74740098C3A3 /* acoustic_communication_app */;
			targetProxy = C4D6DC371BCF74750098C3A3 /* PBXContainerItemProxy */;
		};
/* End PBXTargetDependency section */

/* Begin PBXVariantGroup section */
		C4D6DC1E1BCF74750098C3A3 /* Main.storyboard */ = {
			isa = PBXVariantGroup;
			children = (
				C4D6DC1F1BCF74750098C3A3 /* Base */,
			);
			name = Main.storyboard;
			sourceTree = "<group>";
		};
		C4D6DC231BCF74750098C3A3 /* LaunchScreen.storyboard */ = {
			isa = PBXVariantGroup;
			children = (
				C4D6DC241BCF74750098C3A3 /* Base */,
			);
			name = LaunchScreen.storyboard;
			sourceTree = "<group>";
		};
/* End PBXVariantGroup section */

/* Begin XCBuildConfiguration section */
		C4D6DC3D1BCF74750098C3A3 /* Debug */ = {
			isa = XCBuildConfiguration;
			buildSettings = {
				ALWAYS_SEARCH_USER_PATHS = NO;
				CLANG_CXX_LANGUAGE_STANDARD = "gnu++0x";
				CLANG_CXX_LIBRARY = "libc++";
				CLANG_ENABLE_MODULES = YES;
				CLANG_ENABLE_OBJC_ARC = YES;
				CLANG_WARN_BOOL_CONVERSION = YES;
				CLANG_WARN_CONSTANT_CONVERSION = YES;
				CLANG_WARN_DIRECT_OBJC_ISA_USAGE = YES_ERROR;
				CLANG_WARN_EMPTY_BODY = YES;
				CLANG_WARN_ENUM_CONVERSION = YES;
				CLANG_WARN_INT_CONVERSION = YES;
				CLANG_WARN_OBJC_ROOT_CLASS = YES_ERROR;
				CLANG_WARN_UNREACHABLE_CODE = YES;
				CLANG_WARN__DUPLICATE_METHOD_MATCH = YES;
				"CODE_SIGN_IDENTITY[sdk=iphoneos*]" = "iPhone Developer";
				COPY_PHASE_STRIP = NO;
				DEBUG_INFORMATION_FORMAT = dwarf;
				ENABLE_STRICT_OBJC_MSGSEND = YES;
				ENABLE_TESTABILITY = YES;
				GCC_C_LANGUAGE_STANDARD = gnu99;
				GCC_DYNAMIC_NO_PIC = NO;
				GCC_NO_COMMON_BLOCKS = YES;
				GCC_OPTIMIZATION_LEVEL = 0;
				GCC_PREPROCESSOR_DEFINITIONS = (
					"DEBUG=1",
					"$(inherited)",
				);
				GCC_WARN_64_TO_32_BIT_CONVERSION = YES;
				GCC_WARN_ABOUT_RETURN_TYPE = YES_ERROR;
				GCC_WARN_UNDECLARED_SELECTOR = YES;
				GCC_WARN_UNINITIALIZED_AUTOS = YES_AGGRESSIVE;
				GCC_WARN_UNUSED_FUNCTION = YES;
				GCC_WARN_UNUSED_VARIABLE = YES;
				IPHONEOS_DEPLOYMENT_TARGET = 9.0;
				MTL_ENABLE_DEBUG_INFO = YES;
				ONLY_ACTIVE_ARCH = YES;
				SDKROOT = iphoneos;
				TARGETED_DEVICE_FAMILY = "1,2";
			};
			name = Debug;
		};
		C4D6DC3E1BCF74750098C3A3 /* Release */ = {
			isa = XCBuildConfiguration;
			buildSettings = {
				ALWAYS_SEARCH_USER_PATHS = NO;
				CLANG_CXX_LANGUAGE_STANDARD = "gnu++0x";
				CLANG_CXX_LIBRARY = "libc++";
				CLANG_ENABLE_MODULES = YES;
				CLANG_ENABLE_OBJC_ARC = YES;
				CLANG_WARN_BOOL_CONVERSION = YES;
				CLANG_WARN_CONSTANT_CONVERSION = YES;
				CLANG_WARN_DIRECT_OBJC_ISA_USAGE = YES_ERROR;
				CLANG_WARN_EMPTY_BODY = YES;
				CLANG_WARN_ENUM_CONVERSION = YES;
				CLANG_WARN_INT_CONVERSION = YES;
				CLANG_WARN_OBJC_ROOT_CLASS = YES_ERROR;
				CLANG_WARN_UNREACHABLE_CODE = YES;
				CLANG_WARN__DUPLICATE_METHOD_MATCH = YES;
				"CODE_SIGN_IDENTITY[sdk=iphoneos*]" = "iPhone Developer";
				COPY_PHASE_STRIP = NO;
				DEBUG_INFORMATION_FORMAT = "dwarf-with-dsym";
				ENABLE_NS_ASSERTIONS = NO;
				ENABLE_STRICT_OBJC_MSGSEND = YES;
				GCC_C_LANGUAGE_STANDARD = gnu99;
				GCC_NO_COMMON_BLOCKS = YES;
				GCC_WARN_64_TO_32_BIT_CONVERSION = YES;
				GCC_WARN_ABOUT_RETURN_TYPE = YES_ERROR;
				GCC_WARN_UNDECLARED_SELECTOR = YES;
				GCC_WARN_UNINITIALIZED_AUTOS = YES_AGGRESSIVE;
				GCC_WARN_UNUSED_FUNCTION = YES;
				GCC_WARN_UNUSED_VARIABLE = YES;
				IPHONEOS_DEPLOYMENT_TARGET = 9.0;
				MTL_ENABLE_DEBUG_INFO = NO;
				SDKROOT = iphoneos;
				TARGETED_DEVICE_FAMILY = "1,2";
				VALIDATE_PRODUCT = YES;
			};
			name = Release;
		};
		C4D6DC401BCF74750098C3A3 /* Debug */ = {
			isa = XCBuildConfiguration;
			buildSettings = {
				ASSETCATALOG_COMPILER_APPICON_NAME = AppIcon;
				INFOPLIST_FILE = acoustic_communication_app/Info.plist;
				LD_RUNPATH_SEARCH_PATHS = "$(inherited) @executable_path/Frameworks";
				PRODUCT_BUNDLE_IDENTIFIER = "com.acoustic-communication-app.acoustic-communication-app";
				PRODUCT_NAME = "$(TARGET_NAME)";
			};
			name = Debug;
		};
		C4D6DC411BCF74750098C3A3 /* Release */ = {
			isa = XCBuildConfiguration;
			buildSettings = {
				ASSETCATALOG_COMPILER_APPICON_NAME = AppIcon;
				INFOPLIST_FILE = acoustic_communication_app/Info.plist;
				LD_RUNPATH_SEARCH_PATHS = "$(inherited) @executable_path/Frameworks";
				PRODUCT_BUNDLE_IDENTIFIER = "com.acoustic-communication-app.acoustic-communication-app";
				PRODUCT_NAME = "$(TARGET_NAME)";
			};
			name = Release;
		};
		C4D6DC431BCF74750098C3A3 /* Debug */ = {
			isa = XCBuildConfiguration;
			buildSettings = {
				BUNDLE_LOADER = "$(TEST_HOST)";
				INFOPLIST_FILE = acoustic_communication_appTests/Info.plist;
				LD_RUNPATH_SEARCH_PATHS = "$(inherited) @executable_path/Frameworks @loader_path/Frameworks";
				PRODUCT_BUNDLE_IDENTIFIER = "com.acoustic-communication-app.acoustic-communication-appTests";
				PRODUCT_NAME = "$(TARGET_NAME)";
				TEST_HOST = "$(BUILT_PRODUCTS_DIR)/acoustic_communication_app.app/acoustic_communication_app";
			};
			name = Debug;
		};
		C4D6DC441BCF74750098C3A3 /* Release */ = {
			isa = XCBuildConfiguration;
			buildSettings = {
				BUNDLE_LOADER = "$(TEST_HOST)";
				INFOPLIST_FILE = acoustic_communication_appTests/Info.plist;
				LD_RUNPATH_SEARCH_PATHS = "$(inherited) @executable_path/Frameworks @loader_path/Frameworks";
				PRODUCT_BUNDLE_IDENTIFIER = "com.acoustic-communication-app.acoustic-communication-appTests";
				PRODUCT_NAME = "$(TARGET_NAME)";
				TEST_HOST = "$(BUILT_PRODUCTS_DIR)/acoustic_communication_app.app/acoustic_communication_app";
			};
			name = Release;
		};
		C4D6DC461BCF74750098C3A3 /* Debug */ = {
			isa = XCBuildConfiguration;
			buildSettings = {
				INFOPLIST_FILE = acoustic_communication_appUITests/Info.plist;
				LD_RUNPATH_SEARCH_PATHS = "$(inherited) @executable_path/Frameworks @loader_path/Frameworks";
				PRODUCT_BUNDLE_IDENTIFIER = "com.acoustic-communication-app.acoustic-communication-appUITests";
				PRODUCT_NAME = "$(TARGET_NAME)";
				TEST_TARGET_NAME = acoustic_communication_app;
				USES_XCTRUNNER = YES;
			};
			name = Debug;
		};
		C4D6DC471BCF74750098C3A3 /* Release */ = {
			isa = XCBuildConfiguration;
			buildSettings = {
				INFOPLIST_FILE = acoustic_communication_appUITests/Info.plist;
				LD_RUNPATH_SEARCH_PATHS = "$(inherited) @executable_path/Frameworks @loader_path/Frameworks";
				PRODUCT_BUNDLE_IDENTIFIER = "com.acoustic-communication-app.acoustic-communication-appUITests";
				PRODUCT_NAME = "$(TARGET_NAME)";
				TEST_TARGET_NAME = acoustic_communication_app;
				USES_XCTRUNNER = YES;
			};
			name = Release;
		};
/* End XCBuildConfiguration section */

/* Begin XCConfigurationList section */
		C4D6DC0D1BCF74740098C3A3 /* Build configuration list for PBXProject "acoustic_communication_app" */ = {
			isa = XCConfigurationList;
			buildConfigurations = (
				C4D6DC3D1BCF74750098C3A3 /* Debug */,
				C4D6DC3E1BCF74750098C3A3 /* Release */,
			);
			defaultConfigurationIsVisible = 0;
			defaultConfigurationName = Release;
		};
		C4D6DC3F1BCF74750098C3A3 /* Build configuration list for PBXNativeTarget "acoustic_communication_app" */ = {
			isa = XCConfigurationList;
			buildConfigurations = (
				C4D6DC401BCF74750098C3A3 /* Debug */,
				C4D6DC411BCF74750098C3A3 /* Release */,
			);
			defaultConfigurationIsVisible = 0;
			defaultConfigurationName = Release;
		};
		C4D6DC421BCF74750098C3A3 /* Build configuration list for PBXNativeTarget "acoustic_communication_appTests" */ = {
			isa = XCConfigurationList;
			buildConfigurations = (
				C4D6DC431BCF74750098C3A3 /* Debug */,
				C4D6DC441BCF74750098C3A3 /* Release */,
			);
			defaultConfigurationIsVisible = 0;
			defaultConfigurationName = Release;
		};
		C4D6DC451BCF74750098C3A3 /* Build configuration list for PBXNativeTarget "acoustic_communication_appUITests" */ = {
			isa = XCConfigurationList;
			buildConfigurations = (
				C4D6DC461BCF74750098C3A3 /* Debug */,
				C4D6DC471BCF74750098C3A3 /* Release */,
			);
			defaultConfigurationIsVisible = 0;
			defaultConfigurationName = Release;
		};
/* End XCConfigurationList section */
	};
	rootObject = C4D6DC0A1BCF74740098C3A3 /* Project object */;
}
